
Microsoft Visual Studio Solution File, Format Version 12.00
# Visual Studio Version 17
VisualStudioVersion = 17.4.33122.133
MinimumVisualStudioVersion = 10.0.40219.1
Project("{FAE04EC0-301F-11D3-BF4B-00C04F79EFBC}") = "AdventOfCode", "AdventOfCode\AdventOfCode.csproj", "{EC008CC9-BAD6-4C25-AF04-98A038CA1DCF}"
EndProject
Global
	GlobalSection(SolutionConfigurationPlatforms) = preSolution
		Debug|Any CPU = Debug|Any CPU
		Release|Any CPU = Release|Any CPU
	EndGlobalSection
	GlobalSection(ProjectConfigurationPlatforms) = postSolution
		{EC008CC9-BAD6-4C25-AF04-98A038CA1DCF}.Debug|Any CPU.ActiveCfg = Debug|Any CPU
		{EC008CC9-BAD6-4C25-AF04-98A038CA1DCF}.Debug|Any CPU.Build.0 = Debug|Any CPU
		{EC008CC9-BAD6-4C25-AF04-98A038CA1DCF}.Release|Any CPU.ActiveCfg = Release|Any CPU
		{EC008CC9-BAD6-4C25-AF04-98A038CA1DCF}.Release|Any CPU.Build.0 = Release|Any CPU
	EndGlobalSection
	GlobalSection(SolutionProperties) = preSolution
		HideSolutionNode = FALSE
	EndGlobalSection
	GlobalSection(ExtensibilityGlobals) = postSolution
		SolutionGuid = {FD83C884-0D4F-45F8-8FD3-837A545A1560}
	EndGlobalSection
EndGlobal
